
Microsoft Visual Studio Solution File, Format Version 12.00
# Visual Studio 15
VisualStudioVersion = 15.0.27428.2037
MinimumVisualStudioVersion = 10.0.40219.1
Project("{FAE04EC0-301F-11D3-BF4B-00C04F79EFBC}") = "steve allison assignment 2", "steve allison assignment 2\steve allison assignment 2.csproj", "{9670549B-F48B-419E-8320-A5A76D30975A}"
EndProject
Global
	GlobalSection(SolutionConfigurationPlatforms) = preSolution
		Debug|Any CPU = Debug|Any CPU
		Release|Any CPU = Release|Any CPU
	EndGlobalSection
	GlobalSection(ProjectConfigurationPlatforms) = postSolution
		{9670549B-F48B-419E-8320-A5A76D30975A}.Debug|Any CPU.ActiveCfg = Debug|Any CPU
		{9670549B-F48B-419E-8320-A5A76D30975A}.Debug|Any CPU.Build.0 = Debug|Any CPU
		{9670549B-F48B-419E-8320-A5A76D30975A}.Release|Any CPU.ActiveCfg = Release|Any CPU
		{9670549B-F48B-419E-8320-A5A76D30975A}.Release|Any CPU.Build.0 = Release|Any CPU
	EndGlobalSection
	GlobalSection(SolutionProperties) = preSolution
		HideSolutionNode = FALSE
	EndGlobalSection
	GlobalSection(ExtensibilityGlobals) = postSolution
		SolutionGuid = {6F062F19-35A6-4371-AD1B-B352B2664D29}
	EndGlobalSection
EndGlobal
